<?xml version="1.0" encoding="utf-8"?>
<Project ToolsVersion="4.0" xmlns="http://schemas.microsoft.com/developer/msbuild/2003">
  <ItemGroup>
    <ClInclude Include="targetver.h" />
    <ClInclude Include="stdafx.h" />
    <ClInclude Include="FileDialogEventsImpl.h" />
    <ClInclude Include="FFmpegIoCtx.h" />
    <ClInclude Include="DxHelpres\DxDevice.h" />
    <ClInclude Include="Texture\Yuv420pTexture.h" />
    <ClInclude Include="Texture\Bgra8CopyTexture.h" />
    <ClInclude Include="Texture\Bgra8RenderTarget.h" />
    <ClInclude Include="Texture\Texture2D.h" />
    <ClInclude Include="DxHelpres\MappedResource.h" />
    <ClInclude Include="ResourceFactory\SamplerFactory.h" />
    <ClInclude Include="DxHelpres\D3dStructWrappers.h" />
    <ClInclude Include="DxHelpres\DxHelpers.h" />
    <ClInclude Include="ResourceFactory\DxResources.h" />
    <ClInclude Include="Helpers\FFmpegHelpers.h" />
    <ClInclude Include="Helpers\FileIterator.h" />
    <ClInclude Include="Helpers\Deleters.h" />
    <ClInclude Include="Helpers\MiscHelpers.h" />
    <ClInclude Include="SequentialVideoFrameReader.h" />
    <ClInclude Include="ResourceFactory\ShaderFactory.h" />
    <ClInclude Include="Shaders\Yuv420pToRgbaPS.h" />
    <ClInclude Include="Geometry\QuadStripFltIdx.h" />
    <ClInclude Include="ResourceFactory\GeometryFactory.h" />
    <ClInclude Include="Shaders\QuadStripFltIndexVs.h" />
    <ClInclude Include="ResourceFactory\InputAssembler.h" />
  </ItemGroup>
  <ItemGroup>
    <ClCompile Include="stdafx.cpp" />
    <ClCompile Include="TorentMakerConsoleApplication.cpp" />
    <ClCompile Include="FileDialogEventsImpl.cpp" />
    <ClCompile Include="FFmpegIoCtx.cpp" />
    <ClCompile Include="DxHelpres\DxDevice.cpp" />
    <ClCompile Include="Texture\Bgra8CopyTexture.cpp" />
    <ClCompile Include="Texture\Bgra8RenderTarget.cpp" />
    <ClCompile Include="Texture\Texture2D.cpp" />
    <ClCompile Include="DxHelpres\MappedResource.cpp" />
    <ClCompile Include="ResourceFactory\SamplerFactory.cpp" />
    <ClCompile Include="DxHelpres\D3dStructWrappers.cpp" />
    <ClCompile Include="ResourceFactory\DxResources.cpp" />
    <ClCompile Include="Helpers\FFmpegHelpers.cpp" />
    <ClCompile Include="Helpers\FileIterator.cpp" />
    <ClCompile Include="Helpers\Deleters.cpp" />
    <ClCompile Include="Helpers\MiscHelpers.cpp" />
    <ClCompile Include="SequentialVideoFrameReader.cpp" />
    <ClCompile Include="ResourceFactory\ShaderFactory.cpp" />
    <ClCompile Include="Shaders\Yuv420pToRgbaPS.cpp" />
    <ClCompile Include="Geometry\QuadStripFltIdx.cpp" />
    <ClCompile Include="ResourceFactory\GeometryFactory.cpp" />
    <ClCompile Include="Shaders\QuadStripFltIndexVs.cpp" />
    <ClCompile Include="ResourceFactory\InputAssembler.cpp" />
  </ItemGroup>
  <ItemGroup>
    <FxCompile Include="Shaders\Hlsl\Yuv420pToRgbaPS.hlsl" />
    <FxCompile Include="Shaders\Hlsl\QuadStripFltIndexVs.hlsl" />
  </ItemGroup>
</Project>